
Microsoft Visual Studio Solution File, Format Version 12.00
# Visual Studio Version 16
VisualStudioVersion = 16.0.29509.3
MinimumVisualStudioVersion = 10.0.40219.1
Project("{9A19103F-16F7-4668-BE54-9A1E7A4F7556}") = "Fractals.Processing", "Fractals.Processing\Fractals.Processing.csproj", "{69D0C488-EE25-4F8B-9592-6E7B67DEF677}"
EndProject
Project("{9A19103F-16F7-4668-BE54-9A1E7A4F7556}") = "Fractals.Processing.Tests", "Fractals.Processing.Tests\Fractals.Processing.Tests.csproj", "{35BD013A-1283-4A5E-AF15-23D432A7E426}"
EndProject
Project("{9A19103F-16F7-4668-BE54-9A1E7A4F7556}") = "Fractals.Tester", "Fractals.Tester\Fractals.Tester.csproj", "{C882F9CF-73E1-4962-BF92-A38A5F549888}"
EndProject
Global
	GlobalSection(SolutionConfigurationPlatforms) = preSolution
		Debug|Any CPU = Debug|Any CPU
		Release|Any CPU = Release|Any CPU
	EndGlobalSection
	GlobalSection(ProjectConfigurationPlatforms) = postSolution
		{69D0C488-EE25-4F8B-9592-6E7B67DEF677}.Debug|Any CPU.ActiveCfg = Debug|Any CPU
		{69D0C488-EE25-4F8B-9592-6E7B67DEF677}.Debug|Any CPU.Build.0 = Debug|Any CPU
		{69D0C488-EE25-4F8B-9592-6E7B67DEF677}.Release|Any CPU.ActiveCfg = Release|Any CPU
		{69D0C488-EE25-4F8B-9592-6E7B67DEF677}.Release|Any CPU.Build.0 = Release|Any CPU
		{35BD013A-1283-4A5E-AF15-23D432A7E426}.Debug|Any CPU.ActiveCfg = Debug|Any CPU
		{35BD013A-1283-4A5E-AF15-23D432A7E426}.Debug|Any CPU.Build.0 = Debug|Any CPU
		{35BD013A-1283-4A5E-AF15-23D432A7E426}.Release|Any CPU.ActiveCfg = Release|Any CPU
		{35BD013A-1283-4A5E-AF15-23D432A7E426}.Release|Any CPU.Build.0 = Release|Any CPU
		{C882F9CF-73E1-4962-BF92-A38A5F549888}.Debug|Any CPU.ActiveCfg = Debug|Any CPU
		{C882F9CF-73E1-4962-BF92-A38A5F549888}.Debug|Any CPU.Build.0 = Debug|Any CPU
		{C882F9CF-73E1-4962-BF92-A38A5F549888}.Release|Any CPU.ActiveCfg = Release|Any CPU
		{C882F9CF-73E1-4962-BF92-A38A5F549888}.Release|Any CPU.Build.0 = Release|Any CPU
	EndGlobalSection
	GlobalSection(SolutionProperties) = preSolution
		HideSolutionNode = FALSE
	EndGlobalSection
	GlobalSection(ExtensibilityGlobals) = postSolution
		SolutionGuid = {F51FB81B-B7C8-4CD5-B982-E8868DBF16AF}
	EndGlobalSection
EndGlobal
